# VoxLink managed WSL2 Linux 310 dots-tts stack (T5).
# Resolved by pip for manylinux x86_64; hashes from PyPI JSON metadata.
# Installed with --require-hashes --only-binary=:all: --no-deps.
dots.tts==0.2.1 --hash=sha256:18ba247a8c5189013da731b7be88e29de803ebb484f9b2edfacc73ed3eb5b3e8
pydantic==2.13.4 --hash=sha256:45a282cde31d808236fd7ea9d919b128653c8b38b393d1c4ab335c62924d9aba
pydantic_core==2.46.4 --hash=sha256:395aebd9183f9d112f569aeb5b2214d1a10a33bec8456447f7fbdfa51d38d4cd
torch==2.13.0 --hash=sha256:c78b7b4d04461855a764cf01bae9a462bb88bc93defcfa11235cbc8fdf3e12c4
torchaudio==2.11.0 --hash=sha256:5847fe2022b17c6580aeb39c8797a443411cc09edfd9183cd50ac1a3b8ccf97c
transformers==5.14.1 --hash=sha256:9db974c4079ede2d1a3ea7ca5a240df33f2cc26fc2b36ba64c5f2a4f43b6e725
huggingface_hub==1.26.1 --hash=sha256:d8676e4ec96c1e481a22a93232bd86d73bbac643fb767399aefaeaa503890fb0
click==8.4.2 --hash=sha256:e6f9f66136c816745b9d65817da91d61d957fb16e02e4dcd0552553c5a197b76
hf-xet==1.6.0 --hash=sha256:d62671bb130879cef0ee4c9ebe47a14af6c66ec53e6d84dc15936e5ffdfac82f
httpx==0.28.1 --hash=sha256:d909fcccc110f8c7faf814ca82a9a4d816bc5a6dbfea25d6591d6985b8ba59ad
httpcore==1.0.9 --hash=sha256:2d400746a40668fc9dec9810239072b40b4484b640a8c38fd654a024c7a1bf55
tokenizers==0.22.2 --hash=sha256:369cc9fc8cc10cb24143873a0d95438bb8ee257bb80c71989e3ee290e8d72c67
loguru==0.7.3 --hash=sha256:31a33c10c8e1e10422bfd431aeb5d351c7cf7fa671e3c4df004162264b28220c
langcodes==3.5.1 --hash=sha256:b6a9c25c603804e2d169165091d0cdb23934610524a21d226e4f463e8e958a72
einops==0.8.2 --hash=sha256:54058201ac7087911181bfec4af6091bb59380360f069276601256a76af08193
librosa==0.11.0 --hash=sha256:0b6415c4fd68bff4c29288abe67c6d80b587e0e1e2cfb0aad23e4559504a7fa1
soundfile==0.14.0 --hash=sha256:1e38bac1853412871318e82a1ba69a8be677619b56025bbfcccdb41b6cafe82d
numpy==2.2.6 --hash=sha256:fc7b73d02efb0e18c000e9ad8b83480dfcd5dfd11065997ed4c6747470ae8915
PyYAML==6.0.3 --hash=sha256:9c7708761fccb9397fe64bbc0395abcae8c4bf7b0eac081e12b809bf47700d0b
safetensors==0.8.0 --hash=sha256:fd6f3f93c9a0a7cc2788ee63fb763353d4bd2e89b0751bc78fcf7dda00bea774
torchdiffeq==0.2.5 --hash=sha256:aa1db4bed13bd04952f28a53cdf4336d1ab60417c1d9698d7a239fec1cf2bcf8
tqdm==4.70.0 --hash=sha256:7f585706bfddbdebf89daac705b2dfcc16890130727d3197ca62c732b4310953
lingua-language-detector==2.1.1 --hash=sha256:deec7c9d5a72d7434144952cd5c3b85923d7a858264baa9c21018cb0e2e929fb
WeTextProcessing==1.2.0 --hash=sha256:2c7c1e048ede69b67e8a0921093c08a591bc9d7566ad70f5343686196f97aea9
annotated-types==0.8.0 --hash=sha256:f072f4d804ea359e4eaf198b1af7a8b0943881a87f31bb764f8bf219bb9419e0
audioread==3.1.0 --hash=sha256:b30d1df6c5d3de5dcef0fb0e256f6ea17bdcf5f979408df0297d8a408e2971b4
cffi==2.1.1 --hash=sha256:194cffa889098ced9976c3fc6340305e43f6303657d298da55366907c05c22d6
colorama==0.4.6 --hash=sha256:4f1d9991f5acc0ca119f9d443620b77f9d6b33703e51011c16baf57afb285fc6
decorator==5.3.1 --hash=sha256:f47fe6fdbd2edd623ecfe36875d37aba411624e2670dd395dddae1358689bb3c
filelock==3.32.2 --hash=sha256:87dd94cf281e586d135fa51132b8e3d9a598b316e90377a288663c9321036c82
fsspec==2026.7.0 --hash=sha256:b57ddbafedfaef7018c1ecab32aa200a9d7ca26b77965f64e48b70061249d279
h11==0.16.0 --hash=sha256:63cf8bbe7522de3bf65932fda1d9c2772064ffb3dae62d55932da54b31cb6c86
joblib==1.5.3 --hash=sha256:5fc3c5039fc5ca8c0276333a188bbd59d6b7ab37fe6632daa76bc7f9ec18e713
language_data==1.4.0 --hash=sha256:f741927c24ab14cbed2a57bc2bfe82b00cff266c427179597e8b14123364f084
lazy-loader==0.5 --hash=sha256:ab0ea149e9c554d4ffeeb21105ac60bed7f3b4fd69b1d2360a4add51b170b005
marisa-trie==1.4.1 --hash=sha256:ecd2f16e19f441efc6755cd09703126ee27a496b9c50f179877c00975c150189
msgpack==1.2.1 --hash=sha256:83efa1c898e0fc5380fc0cabbf75164c52e3b5cbb45973710d75821928380c73
networkx==3.4.2 --hash=sha256:df5d4365b724cf81b8c6a7312509d0c22386097011ad1abe274afd5e9d3bbc5f
numba==0.66.0 --hash=sha256:cc408c54b450f41582f4be1608f8981c1dcc44c7f40355cc150dd93015753407
llvmlite==0.48.0 --hash=sha256:13532f248960ba888ad5ab8150494e2f3a3d20e5f59f264e63741ea5b0ba844c
packaging==26.3 --hash=sha256:d7193f7c8e4e93f444fde0262bf90af30e16fa0ad0ad44cb553c87339b23cd1c
pooch==1.9.0 --hash=sha256:f265597baa9f760d25ceb29d0beb8186c243d6607b0f60b83ecf14078dbc703b
platformdirs==4.11.0 --hash=sha256:360ccded2b7fce0af0ff80cc8f5942a1c5d99b0e856033acb030bfc634709e74
pynini==2.1.7 --hash=sha256:644f75b67a591f668b26318b6d98514a85be5264b4117f50f358901e4513c901
regex==2026.7.19 --hash=sha256:4458124d71339f505bf1fb94f69fd1bb8fa9d2481eebfef27c10ef4f2b9e12f6
requests==2.34.2 --hash=sha256:2a0d60c172f83ac6ab31e4554906c0f3b3588d37b5cb939b1c061f4907e278e0
charset-normalizer==3.4.9 --hash=sha256:9bb41182d93ea91f60b4bc8fbf4c820c69ef8a12ab2d917f3f1834f1acad07e8
idna==3.18 --hash=sha256:7f952cbe720b688055e3f87de14f5c3e5fdaa8bc3928985c4077ca689de849a2
urllib3==2.7.0 --hash=sha256:9fb4c81ebbb1ce9531cce37674bbc6f1360472bc18ca9a553ede278ef7276897
certifi==2026.7.22 --hash=sha256:62f22742b58a1a33014a2b6b706588a8d7e2a88ae7bd1a6ebe8c992928483775
scikit-learn==1.7.2 --hash=sha256:7a58814265dfc52b3295b1900cfb5701589d30a8bb026c7540f1e9d3499d5ec8
scipy==1.15.3 --hash=sha256:9e2abc762b0811e09a0d3258abee2d98e0c703eee49464ce0069590846f31d40
setuptools==83.0.0 --hash=sha256:29b23c360f22f414dc7336bb39178cc7bcbf6021ed2733cde173f09dba19abb3
soxr==1.1.0 --hash=sha256:26925618945f1a44dfbd783cc572874f0685e9ecdf46b96f4000f6b8c9c8b825
sympy==1.14.0 --hash=sha256:e091cc3e99d2141a0ba2847328f5479b05d94a6635cb96148ccb3f34671bd8f5
mpmath==1.3.0 --hash=sha256:a0b2b9fe80bbcd81a6647ff13108738cfb482d481d826cc0e02f5b35e5c88d2c
threadpoolctl==3.6.0 --hash=sha256:43a0b8fd5a2928500110039e43a5eed8480b918967083ea48dc3ab9f13c4a7fb
typing_extensions==4.16.0 --hash=sha256:481caa481374e813c1b176ada14e97f1f67a4539ce9cfeb3f350d78d6370c2e8
typing-inspection==0.4.2 --hash=sha256:4ed1cacbdc298c220f1bd249ed5287caa16f34d44ef4e9c3d0cbad5b521545e7
win32_setctime==1.2.0 --hash=sha256:95d644c4e708aba81dc3704a116d8cbc974d70b3bdb8be1d150e36be6e9d1390
anyio==4.14.2 --hash=sha256:9f505dda5ac9f0c8309b5e8bd445a8c2bf7246f3ce950121e45ea15bc41d1494
gradio==5.3.0 --hash=sha256:1613b0ab3cb0a582fe80e9d0dc7114a7045a90c494e94e34f907debb38179a33
gradio_client==1.4.2 --hash=sha256:76a34996b4580939a3fbd10144fde04eced586c033b6cdcb315d69b1459136d1
tomlkit==0.12.0 --hash=sha256:926f1f37a1587c7a4f6c7484dae538f1345d96d793d9adab5d3675957b1d0766
aiofiles==23.2.1 --hash=sha256:19297512c647d4b27a2cf7c34caa7e405c0d60b5560618a29a9fe027b18b0107
fastapi==0.141.1 --hash=sha256:bfb91aa2d334c61cb35ba9a116fc123b3d3df31640b801cf57a7a78ec3f603b3
Jinja2==3.1.6 --hash=sha256:85ece4451f492d0c13c5dd7c13a64681a86afae63a5f347908daf103ce6d2f67
MarkupSafe==2.1.5 --hash=sha256:2174c595a0d73a3080ca3257b40096db99799265e1c27cc5a610743acd86d62f
orjson==3.11.9 --hash=sha256:71f3db16e69b667b132e0f305a833d5497da302d801508cbb051ed9a9819da47
pandas==2.3.3 --hash=sha256:dd7478f1463441ae4ca7308a70e90b33470fa593429f9d4c578dd00d1fa78838
pillow==10.4.0 --hash=sha256:e4d49b85c4348ea0b31ea63bc75a9f3857869174e2bf17e7aba02945cd218e6f
semantic-version==2.10.0 --hash=sha256:de78a3b8e0feda74cabc54aab2da702113e33ac9d9eb9d2389bcf1f58b7d9177
starlette==0.52.1 --hash=sha256:0029d43eb3d273bc4f83a08720b4912ea4b071087a3b48db01b7c839f7954d74
typer==0.27.1 --hash=sha256:53150287edd11baeb4e4722c8e394fcdf8181c0ae89485cba8d25c778d5edd56
websockets==12.0 --hash=sha256:6350b14a40c95ddd53e775dbdbbbc59b124a5c8ecd6fbb09c2e52029f7a9f480
annotated-doc==0.0.5 --hash=sha256:117bac03a25ede5df5440e855b32d556049ca169ead221505badf432fed4b101
python-dateutil==2.9.0.post0 --hash=sha256:a8b2bc7bffae282281c8140a97d3aa9c14da0b136dfe83f850eea9a5f7470427
python-multipart==0.0.32 --hash=sha256:ff6d3f776f16878c894e52e107296ffc890e913c611b1a4ec6c44e2821fe2e23
pytz==2026.3.post1 --hash=sha256:dd95840dd199baea12d9cc096a1d452caa6596a1c1e4b5f3dbd1541855d5e815
rich==15.0.0 --hash=sha256:33bd4ef74232fb73fe9279a257718407f169c09b78a87ad3d296f548e27de0bb
Pygments==2.20.0 --hash=sha256:81a9e26dd42fd28a23a2d169d86d7ac03b46e2f8b59ed4698fb4785f946d0176
markdown-it-py==4.2.0 --hash=sha256:9f7ebbcd14fe59494226453aed97c1070d83f8d24b6fc3a3bcf9a38092641c4a
mdurl==0.1.2 --hash=sha256:84008a41e51615a49fc9966191ff91509e3c40b939176e643fd50a5c2196b8f8
ruff==0.16.1 --hash=sha256:39897739f112253ee4fdd2e8aa9a4f9ded99fb2be367d5f31dfa4ded6025584c
shellingham==1.5.4 --hash=sha256:7ecfff8f2fd72616f7481040475a65b2bf8af90a56c89140852d1120324e8686
six==1.17.0 --hash=sha256:4721f391ed90541fddacab5acf947aa0d3dc7d27b2e1e8eda2be8970586c3274
tzdata==2026.3 --hash=sha256:dc096730c87af6cab1b171c9d532be840741ff5d459015e7f6947bd7d7e54931
uvicorn==0.52.1 --hash=sha256:e4403f9d93188cf9d1088e9f40e3acd12630e2df8675316704379a7fc20fff6a
ffmpy==1.0.0 --hash=sha256:5640e5f0fd03fb6236d0e119b16ccf6522db1c826fdf35dcb87087b60fd7504f
importlib_resources==7.1.0 --hash=sha256:1bd7b48b4088eddb2cd16382150bb515af0bd2c70128194392725f82ad2c96a1
pycparser==3.0 --hash=sha256:b727414169a36b7d524c1c3e31839a521725078d7b2ff038656844266160a992
pydub==0.25.1 --hash=sha256:65617e33033874b59d87db603aa1ed450633288aefead953b30bded59cb599a6
standard-aifc==3.12.2 --hash=sha256:c0659ebe54c0440db64b7e50d90428487ca8ed18a786c7af8171c21338c4a8c4
standard-sunau==3.12.2 --hash=sha256:bd27936c306b229f2f8982377bb4d4e6a723eeb434b955adbe16e7e764260e97
